{
  "name": "stylelint-config-streamr",
  "version": "1.0.0",
  "lockfileVersion": 1,
  "requires": true,
  "dependencies": {
    "stylelint-config-css-modules": {
      "version": "1.2.0",
      "resolved": "https://registry.npmjs.org/stylelint-config-css-modules/-/stylelint-config-css-modules-1.2.0.tgz",
      "integrity": "sha512-nzmE9MJ1sUwZHo+APAKTMzTIayG0JTR20342+B1PBi2VunNMxkTzowjSTUZ2tbCxoKJs3XBa0YTHJ96FILeGLA=="
    },
    "stylelint-config-recommended": {
      "version": "2.1.0",
      "resolved": "https://registry.npmjs.org/stylelint-config-recommended/-/stylelint-config-recommended-2.1.0.tgz",
      "integrity": "sha512-ajMbivOD7JxdsnlS5945KYhvt7L/HwN6YeYF2BH6kE4UCLJR0YvXMf+2j7nQpJyYLZx9uZzU5G1ZOSBiWAc6yA=="
    },
    "stylelint-config-standard": {
      "version": "18.2.0",
      "resolved": "https://registry.npmjs.org/stylelint-config-standard/-/stylelint-config-standard-18.2.0.tgz",
      "integrity": "sha512-07x0TaSIzvXlbOioUU4ORkCIM07kyIuojkbSVCyFWNVgXMXYHfhnQSCkqu+oHWJf3YADAnPGWzdJ53NxkoJ7RA==",
      "requires": {
        "stylelint-config-recommended": "^2.1.0"
      }
    }
  }
}
