{
  "name": "stylelint-config-streamr",
  "version": "1.0.0",
  "lockfileVersion": 1,
  "requires": true,
  "dependencies": {
    "cssesc": {
      "version": "1.0.1",
      "resolved": "https://registry.npmjs.org/cssesc/-/cssesc-1.0.1.tgz",
      "integrity": "sha512-S2hzrpWvE6G/rW7i7IxJfWBYn27QWfOIncUW++8Rbo1VB5zsJDSVPcnI+Q8z7rhxT6/yZeLOCja4cZnghJrNGA=="
    },
    "indexes-of": {
      "version": "1.0.1",
      "resolved": "https://registry.npmjs.org/indexes-of/-/indexes-of-1.0.1.tgz",
      "integrity": "sha1-8w9xbI4r00bHtn0985FVZqfAVgc="
    },
    "lodash": {
      "version": "4.17.10",
      "resolved": "https://registry.npmjs.org/lodash/-/lodash-4.17.10.tgz",
      "integrity": "sha512-UejweD1pDoXu+AD825lWwp4ZGtSwgnpZxb3JDViD7StjQz+Nb/6l093lx4OQ0foGWNRoc19mWy7BzL+UAK2iVg=="
    },
    "postcss-media-query-parser": {
      "version": "0.2.3",
      "resolved": "https://registry.npmjs.org/postcss-media-query-parser/-/postcss-media-query-parser-0.2.3.tgz",
      "integrity": "sha1-J7Ocb02U+Bsac7j3Y1HGCeXO8kQ="
    },
    "postcss-resolve-nested-selector": {
      "version": "0.1.1",
      "resolved": "https://registry.npmjs.org/postcss-resolve-nested-selector/-/postcss-resolve-nested-selector-0.1.1.tgz",
      "integrity": "sha1-Kcy8fDfe36wwTp//C/FZaz9qDk4="
    },
    "postcss-selector-parser": {
      "version": "4.0.0",
      "resolved": "https://registry.npmjs.org/postcss-selector-parser/-/postcss-selector-parser-4.0.0.tgz",
      "integrity": "sha512-5h+MvEjnzu1qy6MabjuoPatsGAjjDV9B24e7Cktjl+ClNtjVjmvAXjOFQr1u7RlWULKNGYaYVE4s+DIIQ4bOGA==",
      "requires": {
        "cssesc": "^1.0.1",
        "indexes-of": "^1.0.1",
        "uniq": "^1.0.1"
      }
    },
    "postcss-value-parser": {
      "version": "3.3.0",
      "resolved": "https://registry.npmjs.org/postcss-value-parser/-/postcss-value-parser-3.3.0.tgz",
      "integrity": "sha1-h/OPnxj3dKSrTIojL1xc6IcqnRU="
    },
    "stylelint-config-css-modules": {
      "version": "1.2.0",
      "resolved": "https://registry.npmjs.org/stylelint-config-css-modules/-/stylelint-config-css-modules-1.2.0.tgz",
      "integrity": "sha512-nzmE9MJ1sUwZHo+APAKTMzTIayG0JTR20342+B1PBi2VunNMxkTzowjSTUZ2tbCxoKJs3XBa0YTHJ96FILeGLA=="
    },
    "stylelint-config-recommended": {
      "version": "2.1.0",
      "resolved": "https://registry.npmjs.org/stylelint-config-recommended/-/stylelint-config-recommended-2.1.0.tgz",
      "integrity": "sha512-ajMbivOD7JxdsnlS5945KYhvt7L/HwN6YeYF2BH6kE4UCLJR0YvXMf+2j7nQpJyYLZx9uZzU5G1ZOSBiWAc6yA=="
    },
    "stylelint-config-standard": {
      "version": "18.2.0",
      "resolved": "https://registry.npmjs.org/stylelint-config-standard/-/stylelint-config-standard-18.2.0.tgz",
      "integrity": "sha512-07x0TaSIzvXlbOioUU4ORkCIM07kyIuojkbSVCyFWNVgXMXYHfhnQSCkqu+oHWJf3YADAnPGWzdJ53NxkoJ7RA==",
      "requires": {
        "stylelint-config-recommended": "^2.1.0"
      }
    },
    "stylelint-scss": {
      "version": "3.1.0",
      "resolved": "https://registry.npmjs.org/stylelint-scss/-/stylelint-scss-3.1.0.tgz",
      "integrity": "sha512-R8M4j4MBpqE3ZHy26pdb3OkuunGZ6KZ1eBacobByMOqcAB+HfXqNhO+AcE73eWbyWoTOE/rzOThgWJGOHbWCRw==",
      "requires": {
        "lodash": "^4.17.4",
        "postcss-media-query-parser": "^0.2.3",
        "postcss-resolve-nested-selector": "^0.1.1",
        "postcss-selector-parser": "^4.0.0",
        "postcss-value-parser": "^3.3.0"
      }
    },
    "uniq": {
      "version": "1.0.1",
      "resolved": "https://registry.npmjs.org/uniq/-/uniq-1.0.1.tgz",
      "integrity": "sha1-sxxa6CVIRKOoKBVBzisEuGWnNP8="
    }
  }
}
